
Microsoft Visual Studio Solution File, Format Version 12.00
# Visual Studio 2012
Project("{FAE04EC0-301F-11D3-BF4B-00C04F79EFBC}") = "ThreeLinearInterpolation", "TrilinearNew\ThreeLinearInterpolation.csproj", "{8DD04A37-70FC-409B-B25C-2C4C60E6C248}"
EndProject
Project("{FAE04EC0-301F-11D3-BF4B-00C04F79EFBC}") = "TriLinearTest", "TriLinearTest\TriLinearTest.csproj", "{46CFAD95-7DB8-49F5-B9D2-22223FCBD697}"
EndProject
Project("{FAE04EC0-301F-11D3-BF4B-00C04F79EFBC}") = "PrintState", "PrintState\PrintState.csproj", "{FF77C2A0-766D-4E92-BE7A-F82911BA3C4C}"
EndProject
Project("{FAE04EC0-301F-11D3-BF4B-00C04F79EFBC}") = "ThreeLinearInterpolation.Test", "ThreeLinearInterpolation.Test\ThreeLinearInterpolation.Test.csproj", "{40DC3B25-F4EF-4D20-9363-42759BFCB5F1}"
EndProject
Global
	GlobalSection(SolutionConfigurationPlatforms) = preSolution
		Debug|Any CPU = Debug|Any CPU
		Release|Any CPU = Release|Any CPU
	EndGlobalSection
	GlobalSection(ProjectConfigurationPlatforms) = postSolution
		{8DD04A37-70FC-409B-B25C-2C4C60E6C248}.Debug|Any CPU.ActiveCfg = Debug|Any CPU
		{8DD04A37-70FC-409B-B25C-2C4C60E6C248}.Debug|Any CPU.Build.0 = Debug|Any CPU
		{8DD04A37-70FC-409B-B25C-2C4C60E6C248}.Release|Any CPU.ActiveCfg = Release|Any CPU
		{8DD04A37-70FC-409B-B25C-2C4C60E6C248}.Release|Any CPU.Build.0 = Release|Any CPU
		{46CFAD95-7DB8-49F5-B9D2-22223FCBD697}.Debug|Any CPU.ActiveCfg = Debug|Any CPU
		{46CFAD95-7DB8-49F5-B9D2-22223FCBD697}.Debug|Any CPU.Build.0 = Debug|Any CPU
		{46CFAD95-7DB8-49F5-B9D2-22223FCBD697}.Release|Any CPU.ActiveCfg = Release|Any CPU
		{46CFAD95-7DB8-49F5-B9D2-22223FCBD697}.Release|Any CPU.Build.0 = Release|Any CPU
		{FF77C2A0-766D-4E92-BE7A-F82911BA3C4C}.Debug|Any CPU.ActiveCfg = Debug|Any CPU
		{FF77C2A0-766D-4E92-BE7A-F82911BA3C4C}.Debug|Any CPU.Build.0 = Debug|Any CPU
		{FF77C2A0-766D-4E92-BE7A-F82911BA3C4C}.Release|Any CPU.ActiveCfg = Release|Any CPU
		{FF77C2A0-766D-4E92-BE7A-F82911BA3C4C}.Release|Any CPU.Build.0 = Release|Any CPU
		{40DC3B25-F4EF-4D20-9363-42759BFCB5F1}.Debug|Any CPU.ActiveCfg = Debug|Any CPU
		{40DC3B25-F4EF-4D20-9363-42759BFCB5F1}.Debug|Any CPU.Build.0 = Debug|Any CPU
		{40DC3B25-F4EF-4D20-9363-42759BFCB5F1}.Release|Any CPU.ActiveCfg = Release|Any CPU
		{40DC3B25-F4EF-4D20-9363-42759BFCB5F1}.Release|Any CPU.Build.0 = Release|Any CPU
	EndGlobalSection
	GlobalSection(SolutionProperties) = preSolution
		HideSolutionNode = FALSE
	EndGlobalSection
EndGlobal
